
Microsoft Visual Studio Solution File, Format Version 12.00
# Visual Studio Version 17
VisualStudioVersion = 17.4.33213.308
MinimumVisualStudioVersion = 10.0.40219.1
Project("{FAE04EC0-301F-11D3-BF4B-00C04F79EFBC}") = "BindingData.Server", "Server\BindingData.Server.csproj", "{20AE55E7-6D8C-4AAC-810E-9916ACB44A91}"
EndProject
Project("{FAE04EC0-301F-11D3-BF4B-00C04F79EFBC}") = "BindingData.Client", "Client\BindingData.Client.csproj", "{0E876F2A-212F-4F33-8D9E-9877A9F3492F}"
EndProject
Project("{FAE04EC0-301F-11D3-BF4B-00C04F79EFBC}") = "BindingData.Shared", "Shared\BindingData.Shared.csproj", "{B5E48959-F257-481B-94B6-0DD22861301F}"
EndProject
Global
	GlobalSection(SolutionConfigurationPlatforms) = preSolution
		Debug|Any CPU = Debug|Any CPU
		Release|Any CPU = Release|Any CPU
	EndGlobalSection
	GlobalSection(ProjectConfigurationPlatforms) = postSolution
		{20AE55E7-6D8C-4AAC-810E-9916ACB44A91}.Debug|Any CPU.ActiveCfg = Debug|Any CPU
		{20AE55E7-6D8C-4AAC-810E-9916ACB44A91}.Debug|Any CPU.Build.0 = Debug|Any CPU
		{20AE55E7-6D8C-4AAC-810E-9916ACB44A91}.Release|Any CPU.ActiveCfg = Release|Any CPU
		{20AE55E7-6D8C-4AAC-810E-9916ACB44A91}.Release|Any CPU.Build.0 = Release|Any CPU
		{0E876F2A-212F-4F33-8D9E-9877A9F3492F}.Debug|Any CPU.ActiveCfg = Debug|Any CPU
		{0E876F2A-212F-4F33-8D9E-9877A9F3492F}.Debug|Any CPU.Build.0 = Debug|Any CPU
		{0E876F2A-212F-4F33-8D9E-9877A9F3492F}.Release|Any CPU.ActiveCfg = Release|Any CPU
		{0E876F2A-212F-4F33-8D9E-9877A9F3492F}.Release|Any CPU.Build.0 = Release|Any CPU
		{B5E48959-F257-481B-94B6-0DD22861301F}.Debug|Any CPU.ActiveCfg = Debug|Any CPU
		{B5E48959-F257-481B-94B6-0DD22861301F}.Debug|Any CPU.Build.0 = Debug|Any CPU
		{B5E48959-F257-481B-94B6-0DD22861301F}.Release|Any CPU.ActiveCfg = Release|Any CPU
		{B5E48959-F257-481B-94B6-0DD22861301F}.Release|Any CPU.Build.0 = Release|Any CPU
	EndGlobalSection
	GlobalSection(SolutionProperties) = preSolution
		HideSolutionNode = FALSE
	EndGlobalSection
	GlobalSection(ExtensibilityGlobals) = postSolution
		SolutionGuid = {87600789-F33A-49A0-BBD3-0EDEFF200DCB}
	EndGlobalSection
EndGlobal
